
Microsoft Visual Studio Solution File, Format Version 12.00
# Visual Studio 14
VisualStudioVersion = 14.0.25420.1
MinimumVisualStudioVersion = 10.0.40219.1
Project("{FAE04EC0-301F-11D3-BF4B-00C04F79EFBC}") = "UsingUWPCommunityToolkit", "UsingUWPCommunityToolkit\UsingUWPCommunityToolkit.csproj", "{227181EF-133E-4513-9425-295AF9C6DA0B}"
EndProject
Project("{FAE04EC0-301F-11D3-BF4B-00C04F79EFBC}") = "SplitViewSample", "SplitViewSample\SplitViewSample.csproj", "{A3FDA24A-CCC3-4B8C-A7FA-A2315AD9A5A0}"
EndProject
Project("{FAE04EC0-301F-11D3-BF4B-00C04F79EFBC}") = "ResponsiveSample", "ResponsiveSample\ResponsiveSample.csproj", "{B94634AC-E26D-4EFD-96D7-57F4CB62C6E5}"
EndProject
Project("{FAE04EC0-301F-11D3-BF4B-00C04F79EFBC}") = "XAMLViewsSample", "XAMLViewsSample\XAMLViewsSample.csproj", "{7D9508AD-F7CE-4EE4-A2A5-C18A7E84EFE9}"
EndProject
Project("{FAE04EC0-301F-11D3-BF4B-00C04F79EFBC}") = "TextFlowSample", "TextFlowSample\TextFlowSample.csproj", "{5763602A-9102-4956-B85E-CF63D18D67A8}"
EndProject
Project("{FAE04EC0-301F-11D3-BF4B-00C04F79EFBC}") = "HamburgerSample", "HamburgerSample\HamburgerSample.csproj", "{CC691FFC-76E5-4BB2-BC51-3CC5DD14DFF1}"
EndProject
Project("{FAE04EC0-301F-11D3-BF4B-00C04F79EFBC}") = "HamburgerMenuWithUWPCommunityToolkit", "HamburgerMenuWithUWPCommunityToolkit\HamburgerMenuWithUWPCommunityToolkit.csproj", "{63EDAA38-35BD-4770-A1DF-88C09ADF7F54}"
EndProject
Project("{FAE04EC0-301F-11D3-BF4B-00C04F79EFBC}") = "RelativePanelSample", "RelativePanelSample\RelativePanelSample.csproj", "{7EB2CD26-21EA-48EF-BE29-4FD90F0D80FF}"
EndProject
Project("{FAE04EC0-301F-11D3-BF4B-00C04F79EFBC}") = "AdaptiveTriggerSample", "AdaptiveTriggerSample\AdaptiveTriggerSample.csproj", "{E7805810-20AD-47FC-B875-3C20E1CE0FCE}"
EndProject
Project("{FAE04EC0-301F-11D3-BF4B-00C04F79EFBC}") = "DelayLoadingSample", "DelayLoadingSample\DelayLoadingSample.csproj", "{E1C50127-FA9C-414A-8831-F180143F9C02}"
EndProject
Project("{FAE04EC0-301F-11D3-BF4B-00C04F79EFBC}") = "VariableSizedWrapGridSample", "VariableSizedWrapGridSample\VariableSizedWrapGridSample.csproj", "{F111033D-BF56-4DFA-8F84-5E6AF21EEC6B}"
EndProject
Project("{FAE04EC0-301F-11D3-BF4B-00C04F79EFBC}") = "AdaptiveGridViewWithUWPToolkit", "AdaptiveGridViewWithUWPToolkit\AdaptiveGridViewWithUWPToolkit.csproj", "{7DF087FD-85A2-49B1-BA28-AA2DB09335E8}"
EndProject
Global
	GlobalSection(SolutionConfigurationPlatforms) = preSolution
		Debug|ARM = Debug|ARM
		Debug|x64 = Debug|x64
		Debug|x86 = Debug|x86
		Release|ARM = Release|ARM
		Release|x64 = Release|x64
		Release|x86 = Release|x86
	EndGlobalSection
	GlobalSection(ProjectConfigurationPlatforms) = postSolution
		{227181EF-133E-4513-9425-295AF9C6DA0B}.Debug|ARM.ActiveCfg = Debug|ARM
		{227181EF-133E-4513-9425-295AF9C6DA0B}.Debug|ARM.Build.0 = Debug|ARM
		{227181EF-133E-4513-9425-295AF9C6DA0B}.Debug|ARM.Deploy.0 = Debug|ARM
		{227181EF-133E-4513-9425-295AF9C6DA0B}.Debug|x64.ActiveCfg = Debug|x64
		{227181EF-133E-4513-9425-295AF9C6DA0B}.Debug|x64.Build.0 = Debug|x64
		{227181EF-133E-4513-9425-295AF9C6DA0B}.Debug|x64.Deploy.0 = Debug|x64
		{227181EF-133E-4513-9425-295AF9C6DA0B}.Debug|x86.ActiveCfg = Debug|x86
		{227181EF-133E-4513-9425-295AF9C6DA0B}.Debug|x86.Build.0 = Debug|x86
		{227181EF-133E-4513-9425-295AF9C6DA0B}.Debug|x86.Deploy.0 = Debug|x86
		{227181EF-133E-4513-9425-295AF9C6DA0B}.Release|ARM.ActiveCfg = Release|ARM
		{227181EF-133E-4513-9425-295AF9C6DA0B}.Release|ARM.Build.0 = Release|ARM
		{227181EF-133E-4513-9425-295AF9C6DA0B}.Release|ARM.Deploy.0 = Release|ARM
		{227181EF-133E-4513-9425-295AF9C6DA0B}.Release|x64.ActiveCfg = Release|x64
		{227181EF-133E-4513-9425-295AF9C6DA0B}.Release|x64.Build.0 = Release|x64
		{227181EF-133E-4513-9425-295AF9C6DA0B}.Release|x64.Deploy.0 = Release|x64
		{227181EF-133E-4513-9425-295AF9C6DA0B}.Release|x86.ActiveCfg = Release|x86
		{227181EF-133E-4513-9425-295AF9C6DA0B}.Release|x86.Build.0 = Release|x86
		{227181EF-133E-4513-9425-295AF9C6DA0B}.Release|x86.Deploy.0 = Release|x86
		{A3FDA24A-CCC3-4B8C-A7FA-A2315AD9A5A0}.Debug|ARM.ActiveCfg = Debug|ARM
		{A3FDA24A-CCC3-4B8C-A7FA-A2315AD9A5A0}.Debug|ARM.Build.0 = Debug|ARM
		{A3FDA24A-CCC3-4B8C-A7FA-A2315AD9A5A0}.Debug|ARM.Deploy.0 = Debug|ARM
		{A3FDA24A-CCC3-4B8C-A7FA-A2315AD9A5A0}.Debug|x64.ActiveCfg = Debug|x64
		{A3FDA24A-CCC3-4B8C-A7FA-A2315AD9A5A0}.Debug|x64.Build.0 = Debug|x64
		{A3FDA24A-CCC3-4B8C-A7FA-A2315AD9A5A0}.Debug|x64.Deploy.0 = Debug|x64
		{A3FDA24A-CCC3-4B8C-A7FA-A2315AD9A5A0}.Debug|x86.ActiveCfg = Debug|x86
		{A3FDA24A-CCC3-4B8C-A7FA-A2315AD9A5A0}.Debug|x86.Build.0 = Debug|x86
		{A3FDA24A-CCC3-4B8C-A7FA-A2315AD9A5A0}.Debug|x86.Deploy.0 = Debug|x86
		{A3FDA24A-CCC3-4B8C-A7FA-A2315AD9A5A0}.Release|ARM.ActiveCfg = Release|ARM
		{A3FDA24A-CCC3-4B8C-A7FA-A2315AD9A5A0}.Release|ARM.Build.0 = Release|ARM
		{A3FDA24A-CCC3-4B8C-A7FA-A2315AD9A5A0}.Release|ARM.Deploy.0 = Release|ARM
		{A3FDA24A-CCC3-4B8C-A7FA-A2315AD9A5A0}.Release|x64.ActiveCfg = Release|x64
		{A3FDA24A-CCC3-4B8C-A7FA-A2315AD9A5A0}.Release|x64.Build.0 = Release|x64
		{A3FDA24A-CCC3-4B8C-A7FA-A2315AD9A5A0}.Release|x64.Deploy.0 = Release|x64
		{A3FDA24A-CCC3-4B8C-A7FA-A2315AD9A5A0}.Release|x86.ActiveCfg = Release|x86
		{A3FDA24A-CCC3-4B8C-A7FA-A2315AD9A5A0}.Release|x86.Build.0 = Release|x86
		{A3FDA24A-CCC3-4B8C-A7FA-A2315AD9A5A0}.Release|x86.Deploy.0 = Release|x86
		{B94634AC-E26D-4EFD-96D7-57F4CB62C6E5}.Debug|ARM.ActiveCfg = Debug|ARM
		{B94634AC-E26D-4EFD-96D7-57F4CB62C6E5}.Debug|ARM.Build.0 = Debug|ARM
		{B94634AC-E26D-4EFD-96D7-57F4CB62C6E5}.Debug|ARM.Deploy.0 = Debug|ARM
		{B94634AC-E26D-4EFD-96D7-57F4CB62C6E5}.Debug|x64.ActiveCfg = Debug|x64
		{B94634AC-E26D-4EFD-96D7-57F4CB62C6E5}.Debug|x64.Build.0 = Debug|x64
		{B94634AC-E26D-4EFD-96D7-57F4CB62C6E5}.Debug|x64.Deploy.0 = Debug|x64
		{B94634AC-E26D-4EFD-96D7-57F4CB62C6E5}.Debug|x86.ActiveCfg = Debug|x86
		{B94634AC-E26D-4EFD-96D7-57F4CB62C6E5}.Debug|x86.Build.0 = Debug|x86
		{B94634AC-E26D-4EFD-96D7-57F4CB62C6E5}.Debug|x86.Deploy.0 = Debug|x86
		{B94634AC-E26D-4EFD-96D7-57F4CB62C6E5}.Release|ARM.ActiveCfg = Release|ARM
		{B94634AC-E26D-4EFD-96D7-57F4CB62C6E5}.Release|ARM.Build.0 = Release|ARM
		{B94634AC-E26D-4EFD-96D7-57F4CB62C6E5}.Release|ARM.Deploy.0 = Release|ARM
		{B94634AC-E26D-4EFD-96D7-57F4CB62C6E5}.Release|x64.ActiveCfg = Release|x64
		{B94634AC-E26D-4EFD-96D7-57F4CB62C6E5}.Release|x64.Build.0 = Release|x64
		{B94634AC-E26D-4EFD-96D7-57F4CB62C6E5}.Release|x64.Deploy.0 = Release|x64
		{B94634AC-E26D-4EFD-96D7-57F4CB62C6E5}.Release|x86.ActiveCfg = Release|x86
		{B94634AC-E26D-4EFD-96D7-57F4CB62C6E5}.Release|x86.Build.0 = Release|x86
		{B94634AC-E26D-4EFD-96D7-57F4CB62C6E5}.Release|x86.Deploy.0 = Release|x86
		{7D9508AD-F7CE-4EE4-A2A5-C18A7E84EFE9}.Debug|ARM.ActiveCfg = Debug|ARM
		{7D9508AD-F7CE-4EE4-A2A5-C18A7E84EFE9}.Debug|ARM.Build.0 = Debug|ARM
		{7D9508AD-F7CE-4EE4-A2A5-C18A7E84EFE9}.Debug|ARM.Deploy.0 = Debug|ARM
		{7D9508AD-F7CE-4EE4-A2A5-C18A7E84EFE9}.Debug|x64.ActiveCfg = Debug|x64
		{7D9508AD-F7CE-4EE4-A2A5-C18A7E84EFE9}.Debug|x64.Build.0 = Debug|x64
		{7D9508AD-F7CE-4EE4-A2A5-C18A7E84EFE9}.Debug|x64.Deploy.0 = Debug|x64
		{7D9508AD-F7CE-4EE4-A2A5-C18A7E84EFE9}.Debug|x86.ActiveCfg = Debug|x86
		{7D9508AD-F7CE-4EE4-A2A5-C18A7E84EFE9}.Debug|x86.Build.0 = Debug|x86
		{7D9508AD-F7CE-4EE4-A2A5-C18A7E84EFE9}.Debug|x86.Deploy.0 = Debug|x86
		{7D9508AD-F7CE-4EE4-A2A5-C18A7E84EFE9}.Release|ARM.ActiveCfg = Release|ARM
		{7D9508AD-F7CE-4EE4-A2A5-C18A7E84EFE9}.Release|ARM.Build.0 = Release|ARM
		{7D9508AD-F7CE-4EE4-A2A5-C18A7E84EFE9}.Release|ARM.Deploy.0 = Release|ARM
		{7D9508AD-F7CE-4EE4-A2A5-C18A7E84EFE9}.Release|x64.ActiveCfg = Release|x64
		{7D9508AD-F7CE-4EE4-A2A5-C18A7E84EFE9}.Release|x64.Build.0 = Release|x64
		{7D9508AD-F7CE-4EE4-A2A5-C18A7E84EFE9}.Release|x64.Deploy.0 = Release|x64
		{7D9508AD-F7CE-4EE4-A2A5-C18A7E84EFE9}.Release|x86.ActiveCfg = Release|x86
		{7D9508AD-F7CE-4EE4-A2A5-C18A7E84EFE9}.Release|x86.Build.0 = Release|x86
		{7D9508AD-F7CE-4EE4-A2A5-C18A7E84EFE9}.Release|x86.Deploy.0 = Release|x86
		{5763602A-9102-4956-B85E-CF63D18D67A8}.Debug|ARM.ActiveCfg = Debug|ARM
		{5763602A-9102-4956-B85E-CF63D18D67A8}.Debug|ARM.Build.0 = Debug|ARM
		{5763602A-9102-4956-B85E-CF63D18D67A8}.Debug|ARM.Deploy.0 = Debug|ARM
		{5763602A-9102-4956-B85E-CF63D18D67A8}.Debug|x64.ActiveCfg = Debug|x64
		{5763602A-9102-4956-B85E-CF63D18D67A8}.Debug|x64.Build.0 = Debug|x64
		{5763602A-9102-4956-B85E-CF63D18D67A8}.Debug|x64.Deploy.0 = Debug|x64
		{5763602A-9102-4956-B85E-CF63D18D67A8}.Debug|x86.ActiveCfg = Debug|x86
		{5763602A-9102-4956-B85E-CF63D18D67A8}.Debug|x86.Build.0 = Debug|x86
		{5763602A-9102-4956-B85E-CF63D18D67A8}.Debug|x86.Deploy.0 = Debug|x86
		{5763602A-9102-4956-B85E-CF63D18D67A8}.Release|ARM.ActiveCfg = Release|ARM
		{5763602A-9102-4956-B85E-CF63D18D67A8}.Release|ARM.Build.0 = Release|ARM
		{5763602A-9102-4956-B85E-CF63D18D67A8}.Release|ARM.Deploy.0 = Release|ARM
		{5763602A-9102-4956-B85E-CF63D18D67A8}.Release|x64.ActiveCfg = Release|x64
		{5763602A-9102-4956-B85E-CF63D18D67A8}.Release|x64.Build.0 = Release|x64
		{5763602A-9102-4956-B85E-CF63D18D67A8}.Release|x64.Deploy.0 = Release|x64
		{5763602A-9102-4956-B85E-CF63D18D67A8}.Release|x86.ActiveCfg = Release|x86
		{5763602A-9102-4956-B85E-CF63D18D67A8}.Release|x86.Build.0 = Release|x86
		{5763602A-9102-4956-B85E-CF63D18D67A8}.Release|x86.Deploy.0 = Release|x86
		{CC691FFC-76E5-4BB2-BC51-3CC5DD14DFF1}.Debug|ARM.ActiveCfg = Debug|ARM
		{CC691FFC-76E5-4BB2-BC51-3CC5DD14DFF1}.Debug|ARM.Build.0 = Debug|ARM
		{CC691FFC-76E5-4BB2-BC51-3CC5DD14DFF1}.Debug|ARM.Deploy.0 = Debug|ARM
		{CC691FFC-76E5-4BB2-BC51-3CC5DD14DFF1}.Debug|x64.ActiveCfg = Debug|x64
		{CC691FFC-76E5-4BB2-BC51-3CC5DD14DFF1}.Debug|x64.Build.0 = Debug|x64
		{CC691FFC-76E5-4BB2-BC51-3CC5DD14DFF1}.Debug|x64.Deploy.0 = Debug|x64
		{CC691FFC-76E5-4BB2-BC51-3CC5DD14DFF1}.Debug|x86.ActiveCfg = Debug|x86
		{CC691FFC-76E5-4BB2-BC51-3CC5DD14DFF1}.Debug|x86.Build.0 = Debug|x86
		{CC691FFC-76E5-4BB2-BC51-3CC5DD14DFF1}.Debug|x86.Deploy.0 = Debug|x86
		{CC691FFC-76E5-4BB2-BC51-3CC5DD14DFF1}.Release|ARM.ActiveCfg = Release|ARM
		{CC691FFC-76E5-4BB2-BC51-3CC5DD14DFF1}.Release|ARM.Build.0 = Release|ARM
		{CC691FFC-76E5-4BB2-BC51-3CC5DD14DFF1}.Release|ARM.Deploy.0 = Release|ARM
		{CC691FFC-76E5-4BB2-BC51-3CC5DD14DFF1}.Release|x64.ActiveCfg = Release|x64
		{CC691FFC-76E5-4BB2-BC51-3CC5DD14DFF1}.Release|x64.Build.0 = Release|x64
		{CC691FFC-76E5-4BB2-BC51-3CC5DD14DFF1}.Release|x64.Deploy.0 = Release|x64
		{CC691FFC-76E5-4BB2-BC51-3CC5DD14DFF1}.Release|x86.ActiveCfg = Release|x86
		{CC691FFC-76E5-4BB2-BC51-3CC5DD14DFF1}.Release|x86.Build.0 = Release|x86
		{CC691FFC-76E5-4BB2-BC51-3CC5DD14DFF1}.Release|x86.Deploy.0 = Release|x86
		{63EDAA38-35BD-4770-A1DF-88C09ADF7F54}.Debug|ARM.ActiveCfg = Debug|ARM
		{63EDAA38-35BD-4770-A1DF-88C09ADF7F54}.Debug|ARM.Build.0 = Debug|ARM
		{63EDAA38-35BD-4770-A1DF-88C09ADF7F54}.Debug|ARM.Deploy.0 = Debug|ARM
		{63EDAA38-35BD-4770-A1DF-88C09ADF7F54}.Debug|x64.ActiveCfg = Debug|x64
		{63EDAA38-35BD-4770-A1DF-88C09ADF7F54}.Debug|x64.Build.0 = Debug|x64
		{63EDAA38-35BD-4770-A1DF-88C09ADF7F54}.Debug|x64.Deploy.0 = Debug|x64
		{63EDAA38-35BD-4770-A1DF-88C09ADF7F54}.Debug|x86.ActiveCfg = Debug|x86
		{63EDAA38-35BD-4770-A1DF-88C09ADF7F54}.Debug|x86.Build.0 = Debug|x86
		{63EDAA38-35BD-4770-A1DF-88C09ADF7F54}.Debug|x86.Deploy.0 = Debug|x86
		{63EDAA38-35BD-4770-A1DF-88C09ADF7F54}.Release|ARM.ActiveCfg = Release|ARM
		{63EDAA38-35BD-4770-A1DF-88C09ADF7F54}.Release|ARM.Build.0 = Release|ARM
		{63EDAA38-35BD-4770-A1DF-88C09ADF7F54}.Release|ARM.Deploy.0 = Release|ARM
		{63EDAA38-35BD-4770-A1DF-88C09ADF7F54}.Release|x64.ActiveCfg = Release|x64
		{63EDAA38-35BD-4770-A1DF-88C09ADF7F54}.Release|x64.Build.0 = Release|x64
		{63EDAA38-35BD-4770-A1DF-88C09ADF7F54}.Release|x64.Deploy.0 = Release|x64
		{63EDAA38-35BD-4770-A1DF-88C09ADF7F54}.Release|x86.ActiveCfg = Release|x86
		{63EDAA38-35BD-4770-A1DF-88C09ADF7F54}.Release|x86.Build.0 = Release|x86
		{63EDAA38-35BD-4770-A1DF-88C09ADF7F54}.Release|x86.Deploy.0 = Release|x86
		{7EB2CD26-21EA-48EF-BE29-4FD90F0D80FF}.Debug|ARM.ActiveCfg = Debug|ARM
		{7EB2CD26-21EA-48EF-BE29-4FD90F0D80FF}.Debug|ARM.Build.0 = Debug|ARM
		{7EB2CD26-21EA-48EF-BE29-4FD90F0D80FF}.Debug|ARM.Deploy.0 = Debug|ARM
		{7EB2CD26-21EA-48EF-BE29-4FD90F0D80FF}.Debug|x64.ActiveCfg = Debug|x64
		{7EB2CD26-21EA-48EF-BE29-4FD90F0D80FF}.Debug|x64.Build.0 = Debug|x64
		{7EB2CD26-21EA-48EF-BE29-4FD90F0D80FF}.Debug|x64.Deploy.0 = Debug|x64
		{7EB2CD26-21EA-48EF-BE29-4FD90F0D80FF}.Debug|x86.ActiveCfg = Debug|x86
		{7EB2CD26-21EA-48EF-BE29-4FD90F0D80FF}.Debug|x86.Build.0 = Debug|x86
		{7EB2CD26-21EA-48EF-BE29-4FD90F0D80FF}.Debug|x86.Deploy.0 = Debug|x86
		{7EB2CD26-21EA-48EF-BE29-4FD90F0D80FF}.Release|ARM.ActiveCfg = Release|ARM
		{7EB2CD26-21EA-48EF-BE29-4FD90F0D80FF}.Release|ARM.Build.0 = Release|ARM
		{7EB2CD26-21EA-48EF-BE29-4FD90F0D80FF}.Release|ARM.Deploy.0 = Release|ARM
		{7EB2CD26-21EA-48EF-BE29-4FD90F0D80FF}.Release|x64.ActiveCfg = Release|x64
		{7EB2CD26-21EA-48EF-BE29-4FD90F0D80FF}.Release|x64.Build.0 = Release|x64
		{7EB2CD26-21EA-48EF-BE29-4FD90F0D80FF}.Release|x64.Deploy.0 = Release|x64
		{7EB2CD26-21EA-48EF-BE29-4FD90F0D80FF}.Release|x86.ActiveCfg = Release|x86
		{7EB2CD26-21EA-48EF-BE29-4FD90F0D80FF}.Release|x86.Build.0 = Release|x86
		{7EB2CD26-21EA-48EF-BE29-4FD90F0D80FF}.Release|x86.Deploy.0 = Release|x86
		{E7805810-20AD-47FC-B875-3C20E1CE0FCE}.Debug|ARM.ActiveCfg = Debug|ARM
		{E7805810-20AD-47FC-B875-3C20E1CE0FCE}.Debug|ARM.Build.0 = Debug|ARM
		{E7805810-20AD-47FC-B875-3C20E1CE0FCE}.Debug|ARM.Deploy.0 = Debug|ARM
		{E7805810-20AD-47FC-B875-3C20E1CE0FCE}.Debug|x64.ActiveCfg = Debug|x64
		{E7805810-20AD-47FC-B875-3C20E1CE0FCE}.Debug|x64.Build.0 = Debug|x64
		{E7805810-20AD-47FC-B875-3C20E1CE0FCE}.Debug|x64.Deploy.0 = Debug|x64
		{E7805810-20AD-47FC-B875-3C20E1CE0FCE}.Debug|x86.ActiveCfg = Debug|x86
		{E7805810-20AD-47FC-B875-3C20E1CE0FCE}.Debug|x86.Build.0 = Debug|x86
		{E7805810-20AD-47FC-B875-3C20E1CE0FCE}.Debug|x86.Deploy.0 = Debug|x86
		{E7805810-20AD-47FC-B875-3C20E1CE0FCE}.Release|ARM.ActiveCfg = Release|ARM
		{E7805810-20AD-47FC-B875-3C20E1CE0FCE}.Release|ARM.Build.0 = Release|ARM
		{E7805810-20AD-47FC-B875-3C20E1CE0FCE}.Release|ARM.Deploy.0 = Release|ARM
		{E7805810-20AD-47FC-B875-3C20E1CE0FCE}.Release|x64.ActiveCfg = Release|x64
		{E7805810-20AD-47FC-B875-3C20E1CE0FCE}.Release|x64.Build.0 = Release|x64
		{E7805810-20AD-47FC-B875-3C20E1CE0FCE}.Release|x64.Deploy.0 = Release|x64
		{E7805810-20AD-47FC-B875-3C20E1CE0FCE}.Release|x86.ActiveCfg = Release|x86
		{E7805810-20AD-47FC-B875-3C20E1CE0FCE}.Release|x86.Build.0 = Release|x86
		{E7805810-20AD-47FC-B875-3C20E1CE0FCE}.Release|x86.Deploy.0 = Release|x86
		{E1C50127-FA9C-414A-8831-F180143F9C02}.Debug|ARM.ActiveCfg = Debug|ARM
		{E1C50127-FA9C-414A-8831-F180143F9C02}.Debug|ARM.Build.0 = Debug|ARM
		{E1C50127-FA9C-414A-8831-F180143F9C02}.Debug|ARM.Deploy.0 = Debug|ARM
		{E1C50127-FA9C-414A-8831-F180143F9C02}.Debug|x64.ActiveCfg = Debug|x64
		{E1C50127-FA9C-414A-8831-F180143F9C02}.Debug|x64.Build.0 = Debug|x64
		{E1C50127-FA9C-414A-8831-F180143F9C02}.Debug|x64.Deploy.0 = Debug|x64
		{E1C50127-FA9C-414A-8831-F180143F9C02}.Debug|x86.ActiveCfg = Debug|x86
		{E1C50127-FA9C-414A-8831-F180143F9C02}.Debug|x86.Build.0 = Debug|x86
		{E1C50127-FA9C-414A-8831-F180143F9C02}.Debug|x86.Deploy.0 = Debug|x86
		{E1C50127-FA9C-414A-8831-F180143F9C02}.Release|ARM.ActiveCfg = Release|ARM
		{E1C50127-FA9C-414A-8831-F180143F9C02}.Release|ARM.Build.0 = Release|ARM
		{E1C50127-FA9C-414A-8831-F180143F9C02}.Release|ARM.Deploy.0 = Release|ARM
		{E1C50127-FA9C-414A-8831-F180143F9C02}.Release|x64.ActiveCfg = Release|x64
		{E1C50127-FA9C-414A-8831-F180143F9C02}.Release|x64.Build.0 = Release|x64
		{E1C50127-FA9C-414A-8831-F180143F9C02}.Release|x64.Deploy.0 = Release|x64
		{E1C50127-FA9C-414A-8831-F180143F9C02}.Release|x86.ActiveCfg = Release|x86
		{E1C50127-FA9C-414A-8831-F180143F9C02}.Release|x86.Build.0 = Release|x86
		{E1C50127-FA9C-414A-8831-F180143F9C02}.Release|x86.Deploy.0 = Release|x86
		{F111033D-BF56-4DFA-8F84-5E6AF21EEC6B}.Debug|ARM.ActiveCfg = Debug|ARM
		{F111033D-BF56-4DFA-8F84-5E6AF21EEC6B}.Debug|ARM.Build.0 = Debug|ARM
		{F111033D-BF56-4DFA-8F84-5E6AF21EEC6B}.Debug|ARM.Deploy.0 = Debug|ARM
		{F111033D-BF56-4DFA-8F84-5E6AF21EEC6B}.Debug|x64.ActiveCfg = Debug|x64
		{F111033D-BF56-4DFA-8F84-5E6AF21EEC6B}.Debug|x64.Build.0 = Debug|x64
		{F111033D-BF56-4DFA-8F84-5E6AF21EEC6B}.Debug|x64.Deploy.0 = Debug|x64
		{F111033D-BF56-4DFA-8F84-5E6AF21EEC6B}.Debug|x86.ActiveCfg = Debug|x86
		{F111033D-BF56-4DFA-8F84-5E6AF21EEC6B}.Debug|x86.Build.0 = Debug|x86
		{F111033D-BF56-4DFA-8F84-5E6AF21EEC6B}.Debug|x86.Deploy.0 = Debug|x86
		{F111033D-BF56-4DFA-8F84-5E6AF21EEC6B}.Release|ARM.ActiveCfg = Release|ARM
		{F111033D-BF56-4DFA-8F84-5E6AF21EEC6B}.Release|ARM.Build.0 = Release|ARM
		{F111033D-BF56-4DFA-8F84-5E6AF21EEC6B}.Release|ARM.Deploy.0 = Release|ARM
		{F111033D-BF56-4DFA-8F84-5E6AF21EEC6B}.Release|x64.ActiveCfg = Release|x64
		{F111033D-BF56-4DFA-8F84-5E6AF21EEC6B}.Release|x64.Build.0 = Release|x64
		{F111033D-BF56-4DFA-8F84-5E6AF21EEC6B}.Release|x64.Deploy.0 = Release|x64
		{F111033D-BF56-4DFA-8F84-5E6AF21EEC6B}.Release|x86.ActiveCfg = Release|x86
		{F111033D-BF56-4DFA-8F84-5E6AF21EEC6B}.Release|x86.Build.0 = Release|x86
		{F111033D-BF56-4DFA-8F84-5E6AF21EEC6B}.Release|x86.Deploy.0 = Release|x86
		{7DF087FD-85A2-49B1-BA28-AA2DB09335E8}.Debug|ARM.ActiveCfg = Debug|ARM
		{7DF087FD-85A2-49B1-BA28-AA2DB09335E8}.Debug|ARM.Build.0 = Debug|ARM
		{7DF087FD-85A2-49B1-BA28-AA2DB09335E8}.Debug|ARM.Deploy.0 = Debug|ARM
		{7DF087FD-85A2-49B1-BA28-AA2DB09335E8}.Debug|x64.ActiveCfg = Debug|x64
		{7DF087FD-85A2-49B1-BA28-AA2DB09335E8}.Debug|x64.Build.0 = Debug|x64
		{7DF087FD-85A2-49B1-BA28-AA2DB09335E8}.Debug|x64.Deploy.0 = Debug|x64
		{7DF087FD-85A2-49B1-BA28-AA2DB09335E8}.Debug|x86.ActiveCfg = Debug|x86
		{7DF087FD-85A2-49B1-BA28-AA2DB09335E8}.Debug|x86.Build.0 = Debug|x86
		{7DF087FD-85A2-49B1-BA28-AA2DB09335E8}.Debug|x86.Deploy.0 = Debug|x86
		{7DF087FD-85A2-49B1-BA28-AA2DB09335E8}.Release|ARM.ActiveCfg = Release|ARM
		{7DF087FD-85A2-49B1-BA28-AA2DB09335E8}.Release|ARM.Build.0 = Release|ARM
		{7DF087FD-85A2-49B1-BA28-AA2DB09335E8}.Release|ARM.Deploy.0 = Release|ARM
		{7DF087FD-85A2-49B1-BA28-AA2DB09335E8}.Release|x64.ActiveCfg = Release|x64
		{7DF087FD-85A2-49B1-BA28-AA2DB09335E8}.Release|x64.Build.0 = Release|x64
		{7DF087FD-85A2-49B1-BA28-AA2DB09335E8}.Release|x64.Deploy.0 = Release|x64
		{7DF087FD-85A2-49B1-BA28-AA2DB09335E8}.Release|x86.ActiveCfg = Release|x86
		{7DF087FD-85A2-49B1-BA28-AA2DB09335E8}.Release|x86.Build.0 = Release|x86
		{7DF087FD-85A2-49B1-BA28-AA2DB09335E8}.Release|x86.Deploy.0 = Release|x86
	EndGlobalSection
	GlobalSection(SolutionProperties) = preSolution
		HideSolutionNode = FALSE
	EndGlobalSection
EndGlobal
