
Microsoft Visual Studio Solution File, Format Version 12.00
# Visual Studio 14
VisualStudioVersion = 14.0.25420.1
MinimumVisualStudioVersion = 10.0.40219.1
Project("{FAE04EC0-301F-11D3-BF4B-00C04F79EFBC}") = "UWPClient", "UWPClient\UWPClient.csproj", "{9FBDD241-8741-4F60-99EB-024D710070DD}"
EndProject
Project("{FAE04EC0-301F-11D3-BF4B-00C04F79EFBC}") = "WPFClient", "WPFClient\WPFClient.csproj", "{67A1AFE9-7823-4E6E-A089-3D1EAB441425}"
EndProject
Project("{FAE04EC0-301F-11D3-BF4B-00C04F79EFBC}") = "PortableLibrary", "PortableLibrary\PortableLibrary.csproj", "{45EE29D3-9ECE-4C3A-80C1-FF1804757EAD}"
EndProject
Global
	GlobalSection(SolutionConfigurationPlatforms) = preSolution
		Ad-Hoc|Any CPU = Ad-Hoc|Any CPU
		Ad-Hoc|ARM = Ad-Hoc|ARM
		Ad-Hoc|iPhone = Ad-Hoc|iPhone
		Ad-Hoc|iPhoneSimulator = Ad-Hoc|iPhoneSimulator
		Ad-Hoc|x64 = Ad-Hoc|x64
		Ad-Hoc|x86 = Ad-Hoc|x86
		AppStore|Any CPU = AppStore|Any CPU
		AppStore|ARM = AppStore|ARM
		AppStore|iPhone = AppStore|iPhone
		AppStore|iPhoneSimulator = AppStore|iPhoneSimulator
		AppStore|x64 = AppStore|x64
		AppStore|x86 = AppStore|x86
		Debug|Any CPU = Debug|Any CPU
		Debug|ARM = Debug|ARM
		Debug|iPhone = Debug|iPhone
		Debug|iPhoneSimulator = Debug|iPhoneSimulator
		Debug|x64 = Debug|x64
		Debug|x86 = Debug|x86
		Release|Any CPU = Release|Any CPU
		Release|ARM = Release|ARM
		Release|iPhone = Release|iPhone
		Release|iPhoneSimulator = Release|iPhoneSimulator
		Release|x64 = Release|x64
		Release|x86 = Release|x86
	EndGlobalSection
	GlobalSection(ProjectConfigurationPlatforms) = postSolution
		{9FBDD241-8741-4F60-99EB-024D710070DD}.Ad-Hoc|Any CPU.ActiveCfg = Release|x64
		{9FBDD241-8741-4F60-99EB-024D710070DD}.Ad-Hoc|Any CPU.Build.0 = Release|x64
		{9FBDD241-8741-4F60-99EB-024D710070DD}.Ad-Hoc|Any CPU.Deploy.0 = Release|x64
		{9FBDD241-8741-4F60-99EB-024D710070DD}.Ad-Hoc|ARM.ActiveCfg = Release|ARM
		{9FBDD241-8741-4F60-99EB-024D710070DD}.Ad-Hoc|ARM.Build.0 = Release|ARM
		{9FBDD241-8741-4F60-99EB-024D710070DD}.Ad-Hoc|ARM.Deploy.0 = Release|ARM
		{9FBDD241-8741-4F60-99EB-024D710070DD}.Ad-Hoc|iPhone.ActiveCfg = Release|x64
		{9FBDD241-8741-4F60-99EB-024D710070DD}.Ad-Hoc|iPhone.Build.0 = Release|x64
		{9FBDD241-8741-4F60-99EB-024D710070DD}.Ad-Hoc|iPhone.Deploy.0 = Release|x64
		{9FBDD241-8741-4F60-99EB-024D710070DD}.Ad-Hoc|iPhoneSimulator.ActiveCfg = Release|x64
		{9FBDD241-8741-4F60-99EB-024D710070DD}.Ad-Hoc|iPhoneSimulator.Build.0 = Release|x64
		{9FBDD241-8741-4F60-99EB-024D710070DD}.Ad-Hoc|iPhoneSimulator.Deploy.0 = Release|x64
		{9FBDD241-8741-4F60-99EB-024D710070DD}.Ad-Hoc|x64.ActiveCfg = Release|x64
		{9FBDD241-8741-4F60-99EB-024D710070DD}.Ad-Hoc|x64.Build.0 = Release|x64
		{9FBDD241-8741-4F60-99EB-024D710070DD}.Ad-Hoc|x64.Deploy.0 = Release|x64
		{9FBDD241-8741-4F60-99EB-024D710070DD}.Ad-Hoc|x86.ActiveCfg = Release|x86
		{9FBDD241-8741-4F60-99EB-024D710070DD}.Ad-Hoc|x86.Build.0 = Release|x86
		{9FBDD241-8741-4F60-99EB-024D710070DD}.Ad-Hoc|x86.Deploy.0 = Release|x86
		{9FBDD241-8741-4F60-99EB-024D710070DD}.AppStore|Any CPU.ActiveCfg = Release|x64
		{9FBDD241-8741-4F60-99EB-024D710070DD}.AppStore|Any CPU.Build.0 = Release|x64
		{9FBDD241-8741-4F60-99EB-024D710070DD}.AppStore|Any CPU.Deploy.0 = Release|x64
		{9FBDD241-8741-4F60-99EB-024D710070DD}.AppStore|ARM.ActiveCfg = Release|ARM
		{9FBDD241-8741-4F60-99EB-024D710070DD}.AppStore|ARM.Build.0 = Release|ARM
		{9FBDD241-8741-4F60-99EB-024D710070DD}.AppStore|ARM.Deploy.0 = Release|ARM
		{9FBDD241-8741-4F60-99EB-024D710070DD}.AppStore|iPhone.ActiveCfg = Release|x64
		{9FBDD241-8741-4F60-99EB-024D710070DD}.AppStore|iPhone.Build.0 = Release|x64
		{9FBDD241-8741-4F60-99EB-024D710070DD}.AppStore|iPhone.Deploy.0 = Release|x64
		{9FBDD241-8741-4F60-99EB-024D710070DD}.AppStore|iPhoneSimulator.ActiveCfg = Release|x64
		{9FBDD241-8741-4F60-99EB-024D710070DD}.AppStore|iPhoneSimulator.Build.0 = Release|x64
		{9FBDD241-8741-4F60-99EB-024D710070DD}.AppStore|iPhoneSimulator.Deploy.0 = Release|x64
		{9FBDD241-8741-4F60-99EB-024D710070DD}.AppStore|x64.ActiveCfg = Release|x64
		{9FBDD241-8741-4F60-99EB-024D710070DD}.AppStore|x64.Build.0 = Release|x64
		{9FBDD241-8741-4F60-99EB-024D710070DD}.AppStore|x64.Deploy.0 = Release|x64
		{9FBDD241-8741-4F60-99EB-024D710070DD}.AppStore|x86.ActiveCfg = Release|x86
		{9FBDD241-8741-4F60-99EB-024D710070DD}.AppStore|x86.Build.0 = Release|x86
		{9FBDD241-8741-4F60-99EB-024D710070DD}.AppStore|x86.Deploy.0 = Release|x86
		{9FBDD241-8741-4F60-99EB-024D710070DD}.Debug|Any CPU.ActiveCfg = Debug|x86
		{9FBDD241-8741-4F60-99EB-024D710070DD}.Debug|Any CPU.Build.0 = Debug|x86
		{9FBDD241-8741-4F60-99EB-024D710070DD}.Debug|Any CPU.Deploy.0 = Debug|x86
		{9FBDD241-8741-4F60-99EB-024D710070DD}.Debug|ARM.ActiveCfg = Debug|ARM
		{9FBDD241-8741-4F60-99EB-024D710070DD}.Debug|ARM.Build.0 = Debug|ARM
		{9FBDD241-8741-4F60-99EB-024D710070DD}.Debug|ARM.Deploy.0 = Debug|ARM
		{9FBDD241-8741-4F60-99EB-024D710070DD}.Debug|iPhone.ActiveCfg = Debug|x86
		{9FBDD241-8741-4F60-99EB-024D710070DD}.Debug|iPhoneSimulator.ActiveCfg = Debug|x86
		{9FBDD241-8741-4F60-99EB-024D710070DD}.Debug|x64.ActiveCfg = Debug|x64
		{9FBDD241-8741-4F60-99EB-024D710070DD}.Debug|x64.Build.0 = Debug|x64
		{9FBDD241-8741-4F60-99EB-024D710070DD}.Debug|x64.Deploy.0 = Debug|x64
		{9FBDD241-8741-4F60-99EB-024D710070DD}.Debug|x86.ActiveCfg = Debug|x86
		{9FBDD241-8741-4F60-99EB-024D710070DD}.Debug|x86.Build.0 = Debug|x86
		{9FBDD241-8741-4F60-99EB-024D710070DD}.Debug|x86.Deploy.0 = Debug|x86
		{9FBDD241-8741-4F60-99EB-024D710070DD}.Release|Any CPU.ActiveCfg = Release|x86
		{9FBDD241-8741-4F60-99EB-024D710070DD}.Release|ARM.ActiveCfg = Release|ARM
		{9FBDD241-8741-4F60-99EB-024D710070DD}.Release|ARM.Build.0 = Release|ARM
		{9FBDD241-8741-4F60-99EB-024D710070DD}.Release|ARM.Deploy.0 = Release|ARM
		{9FBDD241-8741-4F60-99EB-024D710070DD}.Release|iPhone.ActiveCfg = Release|x86
		{9FBDD241-8741-4F60-99EB-024D710070DD}.Release|iPhoneSimulator.ActiveCfg = Release|x86
		{9FBDD241-8741-4F60-99EB-024D710070DD}.Release|x64.ActiveCfg = Release|x64
		{9FBDD241-8741-4F60-99EB-024D710070DD}.Release|x64.Build.0 = Release|x64
		{9FBDD241-8741-4F60-99EB-024D710070DD}.Release|x64.Deploy.0 = Release|x64
		{9FBDD241-8741-4F60-99EB-024D710070DD}.Release|x86.ActiveCfg = Release|x86
		{9FBDD241-8741-4F60-99EB-024D710070DD}.Release|x86.Build.0 = Release|x86
		{9FBDD241-8741-4F60-99EB-024D710070DD}.Release|x86.Deploy.0 = Release|x86
		{67A1AFE9-7823-4E6E-A089-3D1EAB441425}.Ad-Hoc|Any CPU.ActiveCfg = Release|Any CPU
		{67A1AFE9-7823-4E6E-A089-3D1EAB441425}.Ad-Hoc|Any CPU.Build.0 = Release|Any CPU
		{67A1AFE9-7823-4E6E-A089-3D1EAB441425}.Ad-Hoc|ARM.ActiveCfg = Release|Any CPU
		{67A1AFE9-7823-4E6E-A089-3D1EAB441425}.Ad-Hoc|ARM.Build.0 = Release|Any CPU
		{67A1AFE9-7823-4E6E-A089-3D1EAB441425}.Ad-Hoc|iPhone.ActiveCfg = Release|Any CPU
		{67A1AFE9-7823-4E6E-A089-3D1EAB441425}.Ad-Hoc|iPhone.Build.0 = Release|Any CPU
		{67A1AFE9-7823-4E6E-A089-3D1EAB441425}.Ad-Hoc|iPhoneSimulator.ActiveCfg = Release|Any CPU
		{67A1AFE9-7823-4E6E-A089-3D1EAB441425}.Ad-Hoc|iPhoneSimulator.Build.0 = Release|Any CPU
		{67A1AFE9-7823-4E6E-A089-3D1EAB441425}.Ad-Hoc|x64.ActiveCfg = Release|Any CPU
		{67A1AFE9-7823-4E6E-A089-3D1EAB441425}.Ad-Hoc|x64.Build.0 = Release|Any CPU
		{67A1AFE9-7823-4E6E-A089-3D1EAB441425}.Ad-Hoc|x86.ActiveCfg = Release|Any CPU
		{67A1AFE9-7823-4E6E-A089-3D1EAB441425}.Ad-Hoc|x86.Build.0 = Release|Any CPU
		{67A1AFE9-7823-4E6E-A089-3D1EAB441425}.AppStore|Any CPU.ActiveCfg = Release|Any CPU
		{67A1AFE9-7823-4E6E-A089-3D1EAB441425}.AppStore|Any CPU.Build.0 = Release|Any CPU
		{67A1AFE9-7823-4E6E-A089-3D1EAB441425}.AppStore|ARM.ActiveCfg = Release|Any CPU
		{67A1AFE9-7823-4E6E-A089-3D1EAB441425}.AppStore|ARM.Build.0 = Release|Any CPU
		{67A1AFE9-7823-4E6E-A089-3D1EAB441425}.AppStore|iPhone.ActiveCfg = Release|Any CPU
		{67A1AFE9-7823-4E6E-A089-3D1EAB441425}.AppStore|iPhone.Build.0 = Release|Any CPU
		{67A1AFE9-7823-4E6E-A089-3D1EAB441425}.AppStore|iPhoneSimulator.ActiveCfg = Release|Any CPU
		{67A1AFE9-7823-4E6E-A089-3D1EAB441425}.AppStore|iPhoneSimulator.Build.0 = Release|Any CPU
		{67A1AFE9-7823-4E6E-A089-3D1EAB441425}.AppStore|x64.ActiveCfg = Release|Any CPU
		{67A1AFE9-7823-4E6E-A089-3D1EAB441425}.AppStore|x64.Build.0 = Release|Any CPU
		{67A1AFE9-7823-4E6E-A089-3D1EAB441425}.AppStore|x86.ActiveCfg = Release|Any CPU
		{67A1AFE9-7823-4E6E-A089-3D1EAB441425}.AppStore|x86.Build.0 = Release|Any CPU
		{67A1AFE9-7823-4E6E-A089-3D1EAB441425}.Debug|Any CPU.ActiveCfg = Debug|Any CPU
		{67A1AFE9-7823-4E6E-A089-3D1EAB441425}.Debug|Any CPU.Build.0 = Debug|Any CPU
		{67A1AFE9-7823-4E6E-A089-3D1EAB441425}.Debug|ARM.ActiveCfg = Debug|Any CPU
		{67A1AFE9-7823-4E6E-A089-3D1EAB441425}.Debug|ARM.Build.0 = Debug|Any CPU
		{67A1AFE9-7823-4E6E-A089-3D1EAB441425}.Debug|iPhone.ActiveCfg = Debug|Any CPU
		{67A1AFE9-7823-4E6E-A089-3D1EAB441425}.Debug|iPhone.Build.0 = Debug|Any CPU
		{67A1AFE9-7823-4E6E-A089-3D1EAB441425}.Debug|iPhoneSimulator.ActiveCfg = Debug|Any CPU
		{67A1AFE9-7823-4E6E-A089-3D1EAB441425}.Debug|iPhoneSimulator.Build.0 = Debug|Any CPU
		{67A1AFE9-7823-4E6E-A089-3D1EAB441425}.Debug|x64.ActiveCfg = Debug|Any CPU
		{67A1AFE9-7823-4E6E-A089-3D1EAB441425}.Debug|x64.Build.0 = Debug|Any CPU
		{67A1AFE9-7823-4E6E-A089-3D1EAB441425}.Debug|x86.ActiveCfg = Debug|Any CPU
		{67A1AFE9-7823-4E6E-A089-3D1EAB441425}.Debug|x86.Build.0 = Debug|Any CPU
		{67A1AFE9-7823-4E6E-A089-3D1EAB441425}.Release|Any CPU.ActiveCfg = Release|Any CPU
		{67A1AFE9-7823-4E6E-A089-3D1EAB441425}.Release|Any CPU.Build.0 = Release|Any CPU
		{67A1AFE9-7823-4E6E-A089-3D1EAB441425}.Release|ARM.ActiveCfg = Release|Any CPU
		{67A1AFE9-7823-4E6E-A089-3D1EAB441425}.Release|ARM.Build.0 = Release|Any CPU
		{67A1AFE9-7823-4E6E-A089-3D1EAB441425}.Release|iPhone.ActiveCfg = Release|Any CPU
		{67A1AFE9-7823-4E6E-A089-3D1EAB441425}.Release|iPhone.Build.0 = Release|Any CPU
		{67A1AFE9-7823-4E6E-A089-3D1EAB441425}.Release|iPhoneSimulator.ActiveCfg = Release|Any CPU
		{67A1AFE9-7823-4E6E-A089-3D1EAB441425}.Release|iPhoneSimulator.Build.0 = Release|Any CPU
		{67A1AFE9-7823-4E6E-A089-3D1EAB441425}.Release|x64.ActiveCfg = Release|Any CPU
		{67A1AFE9-7823-4E6E-A089-3D1EAB441425}.Release|x64.Build.0 = Release|Any CPU
		{67A1AFE9-7823-4E6E-A089-3D1EAB441425}.Release|x86.ActiveCfg = Release|Any CPU
		{67A1AFE9-7823-4E6E-A089-3D1EAB441425}.Release|x86.Build.0 = Release|Any CPU
		{45EE29D3-9ECE-4C3A-80C1-FF1804757EAD}.Ad-Hoc|Any CPU.ActiveCfg = Release|Any CPU
		{45EE29D3-9ECE-4C3A-80C1-FF1804757EAD}.Ad-Hoc|Any CPU.Build.0 = Release|Any CPU
		{45EE29D3-9ECE-4C3A-80C1-FF1804757EAD}.Ad-Hoc|ARM.ActiveCfg = Release|Any CPU
		{45EE29D3-9ECE-4C3A-80C1-FF1804757EAD}.Ad-Hoc|ARM.Build.0 = Release|Any CPU
		{45EE29D3-9ECE-4C3A-80C1-FF1804757EAD}.Ad-Hoc|iPhone.ActiveCfg = Release|Any CPU
		{45EE29D3-9ECE-4C3A-80C1-FF1804757EAD}.Ad-Hoc|iPhone.Build.0 = Release|Any CPU
		{45EE29D3-9ECE-4C3A-80C1-FF1804757EAD}.Ad-Hoc|iPhoneSimulator.ActiveCfg = Release|Any CPU
		{45EE29D3-9ECE-4C3A-80C1-FF1804757EAD}.Ad-Hoc|iPhoneSimulator.Build.0 = Release|Any CPU
		{45EE29D3-9ECE-4C3A-80C1-FF1804757EAD}.Ad-Hoc|x64.ActiveCfg = Release|Any CPU
		{45EE29D3-9ECE-4C3A-80C1-FF1804757EAD}.Ad-Hoc|x64.Build.0 = Release|Any CPU
		{45EE29D3-9ECE-4C3A-80C1-FF1804757EAD}.Ad-Hoc|x86.ActiveCfg = Release|Any CPU
		{45EE29D3-9ECE-4C3A-80C1-FF1804757EAD}.Ad-Hoc|x86.Build.0 = Release|Any CPU
		{45EE29D3-9ECE-4C3A-80C1-FF1804757EAD}.AppStore|Any CPU.ActiveCfg = Release|Any CPU
		{45EE29D3-9ECE-4C3A-80C1-FF1804757EAD}.AppStore|Any CPU.Build.0 = Release|Any CPU
		{45EE29D3-9ECE-4C3A-80C1-FF1804757EAD}.AppStore|ARM.ActiveCfg = Release|Any CPU
		{45EE29D3-9ECE-4C3A-80C1-FF1804757EAD}.AppStore|ARM.Build.0 = Release|Any CPU
		{45EE29D3-9ECE-4C3A-80C1-FF1804757EAD}.AppStore|iPhone.ActiveCfg = Release|Any CPU
		{45EE29D3-9ECE-4C3A-80C1-FF1804757EAD}.AppStore|iPhone.Build.0 = Release|Any CPU
		{45EE29D3-9ECE-4C3A-80C1-FF1804757EAD}.AppStore|iPhoneSimulator.ActiveCfg = Release|Any CPU
		{45EE29D3-9ECE-4C3A-80C1-FF1804757EAD}.AppStore|iPhoneSimulator.Build.0 = Release|Any CPU
		{45EE29D3-9ECE-4C3A-80C1-FF1804757EAD}.AppStore|x64.ActiveCfg = Release|Any CPU
		{45EE29D3-9ECE-4C3A-80C1-FF1804757EAD}.AppStore|x64.Build.0 = Release|Any CPU
		{45EE29D3-9ECE-4C3A-80C1-FF1804757EAD}.AppStore|x86.ActiveCfg = Release|Any CPU
		{45EE29D3-9ECE-4C3A-80C1-FF1804757EAD}.AppStore|x86.Build.0 = Release|Any CPU
		{45EE29D3-9ECE-4C3A-80C1-FF1804757EAD}.Debug|Any CPU.ActiveCfg = Debug|Any CPU
		{45EE29D3-9ECE-4C3A-80C1-FF1804757EAD}.Debug|Any CPU.Build.0 = Debug|Any CPU
		{45EE29D3-9ECE-4C3A-80C1-FF1804757EAD}.Debug|ARM.ActiveCfg = Debug|Any CPU
		{45EE29D3-9ECE-4C3A-80C1-FF1804757EAD}.Debug|ARM.Build.0 = Debug|Any CPU
		{45EE29D3-9ECE-4C3A-80C1-FF1804757EAD}.Debug|iPhone.ActiveCfg = Debug|Any CPU
		{45EE29D3-9ECE-4C3A-80C1-FF1804757EAD}.Debug|iPhone.Build.0 = Debug|Any CPU
		{45EE29D3-9ECE-4C3A-80C1-FF1804757EAD}.Debug|iPhoneSimulator.ActiveCfg = Debug|Any CPU
		{45EE29D3-9ECE-4C3A-80C1-FF1804757EAD}.Debug|iPhoneSimulator.Build.0 = Debug|Any CPU
		{45EE29D3-9ECE-4C3A-80C1-FF1804757EAD}.Debug|x64.ActiveCfg = Debug|Any CPU
		{45EE29D3-9ECE-4C3A-80C1-FF1804757EAD}.Debug|x64.Build.0 = Debug|Any CPU
		{45EE29D3-9ECE-4C3A-80C1-FF1804757EAD}.Debug|x86.ActiveCfg = Debug|Any CPU
		{45EE29D3-9ECE-4C3A-80C1-FF1804757EAD}.Debug|x86.Build.0 = Debug|Any CPU
		{45EE29D3-9ECE-4C3A-80C1-FF1804757EAD}.Release|Any CPU.ActiveCfg = Release|Any CPU
		{45EE29D3-9ECE-4C3A-80C1-FF1804757EAD}.Release|Any CPU.Build.0 = Release|Any CPU
		{45EE29D3-9ECE-4C3A-80C1-FF1804757EAD}.Release|ARM.ActiveCfg = Release|Any CPU
		{45EE29D3-9ECE-4C3A-80C1-FF1804757EAD}.Release|ARM.Build.0 = Release|Any CPU
		{45EE29D3-9ECE-4C3A-80C1-FF1804757EAD}.Release|iPhone.ActiveCfg = Release|Any CPU
		{45EE29D3-9ECE-4C3A-80C1-FF1804757EAD}.Release|iPhone.Build.0 = Release|Any CPU
		{45EE29D3-9ECE-4C3A-80C1-FF1804757EAD}.Release|iPhoneSimulator.ActiveCfg = Release|Any CPU
		{45EE29D3-9ECE-4C3A-80C1-FF1804757EAD}.Release|iPhoneSimulator.Build.0 = Release|Any CPU
		{45EE29D3-9ECE-4C3A-80C1-FF1804757EAD}.Release|x64.ActiveCfg = Release|Any CPU
		{45EE29D3-9ECE-4C3A-80C1-FF1804757EAD}.Release|x64.Build.0 = Release|Any CPU
		{45EE29D3-9ECE-4C3A-80C1-FF1804757EAD}.Release|x86.ActiveCfg = Release|Any CPU
		{45EE29D3-9ECE-4C3A-80C1-FF1804757EAD}.Release|x86.Build.0 = Release|Any CPU
	EndGlobalSection
	GlobalSection(SolutionProperties) = preSolution
		HideSolutionNode = FALSE
	EndGlobalSection
EndGlobal
